// !$*UTF8*$!
{
	archiveVersion = 1;
	classes = {
	};
	objectVersion = 56;
	objects = {

/* Begin PBXBuildFile section */
		7E5A9D8E71B65E70ACC7D2BF = {isa = PBXBuildFile; fileRef = F215C7575DEB53A193F541B8; };
		7F9928259E885ED294C8926C = {isa = PBXBuildFile; fileRef = 438430B8093D5881875AABD1; };
		B3227B6D69C55689B442777E = {isa = PBXBuildFile; fileRef = 148E1BF32B6450FC93CCDEA2; };
		75B8D9669519583585DA5420 = {isa = PBXBuildFile; fileRef = 70A3AE338103529C955C8206; };
		E53A656B7DD4565B94F72152 = {isa = PBXBuildFile; fileRef = 5FDCB6165D4E5945B52E7CF1; };
		7EE0895191DD562BB1CDE38A = {isa = PBXBuildFile; fileRef = 0BE8B00B0520549EA8313CF9; };
		2029BCB077B45EAD9C8572DD = {isa = PBXBuildFile; fileRef = 649808FD264855139CDCCA3A; };
		825514A3CE8854829836C616 = {isa = PBXBuildFile; fileRef = 1291993694695AC193F464E5; };
		89492AFFDEE15F198B9519A5 = {isa = PBXBuildFile; fileRef = F3271502192A588CA5E493D0; };
		ACB568051894563686085180 = {isa = PBXBuildFile; fileRef = B2B91F99D0515E1AAA5E41BF; };
		92EBE99368A75A758636DAD1 = {isa = PBXBuildFile; fileRef = FB5177EA83AD59CC90B95726; };
		80D7A710D48A5AF5A6D6D5ED = {isa = PBXBuildFile; fileRef = D1802E5A56B25B10A14EC1AE; };
		47AD0DDFBB6959FF98A85419 = {isa = PBXBuildFile; fileRef = AE55726A154155D2867F789B; };
		E4AA5BDC005454CC8BD02AE2 = {isa = PBXBuildFile; fileRef = 6D37B04ED80B5A1683B6E9B1; };
		D6EDA0B5E7AD5A7784A1BC1A = {isa = PBXBuildFile; fileRef = FF8FB5EDEE195642A4BE9278; };
		77222DDC775F5024ACFDFEEC = {isa = PBXBuildFile; fileRef = 8E5C91CF0A6454198C70C239; };
		F3649118E5705141BCCAC633 = {isa = PBXBuildFile; fileRef = AC09E35E2D8356688DE7725D; };
		48F4CF1469A75AB1A4CBDA42 = {isa = PBXBuildFile; fileRef = F757B53539A85536A4E91EF2; };
		51771073F7D5593A877EF268 = {isa = PBXBuildFile; fileRef = 86376429A1B858FA9099815E; };
		18696237F31A541399479942 = {isa = PBXBuildFile; fileRef = 2E0D6131E9C65D0EB0480DC0; };
		73186CA6779E5418A21ABFBB = {isa = PBXBuildFile; fileRef = BE01F7766E1352118849904B; };
		A26BF17D596E53A79437B77C = {isa = PBXBuildFile; fileRef = FA3B9C5C6475558793241513; };
		804D5FE545FE5CCBBC15D1FD = {isa = PBXBuildFile; fileRef = 46252E7CA00F5D5290FD05F8; };
		0EDCA7ABBAA658B89F0020D4 = {isa = PBXBuildFile; fileRef = B957D47B28A656578531EC82; };
		1CAAE2743F1558B78ECE4EE0 = {isa = PBXBuildFile; fileRef = AC1EA63CC534585896CCA074; };
		88B4D013DF0B5EFFB7723146 = {isa = PBXBuildFile; fileRef = B4A68ABEEEA65B5DA6526710; };
		5CB85483E2F7502A9A699627 = {isa = PBXBuildFile; fileRef = E548BC2385B457B18FBD1F85; };
		D7F36D68D74A52D196C3E62D = {isa = PBXBuildFile; fileRef = 3C49579D45925564B0861555; };
		5AE6A6F64248520498F833F4 = {isa = PBXBuildFile; fileRef = C7F97B9BF02852898BC8B401; };
		8E370784142E53AA87C85032 = {isa = PBXBuildFile; fileRef = 4591A8BDA11D51EE9FE23A96; };
		E6F650A498D05A1498476FB0 = {isa = PBXBuildFile; fileRef = D249C66CD3585B17B57F2FBC; };
		B0CC9ECC4EA25FC6AB4240D3 = {isa = PBXBuildFile; fileRef = 722EFEC4D84F5C75A5F91B4D; };
		B33CA8729819556EBCEDAB03 = {isa = PBXBuildFile; fileRef = D81A61166DB356C3A482743F; };
		25D06ED5F92B5758A18DAB34 = {isa = PBXBuildFile; fileRef = A6DAD4045E925BF1B15D54AF; };
		72B04BE2D5C25389979573F9 = {isa = PBXBuildFile; fileRef = AE69CB7A32255A6DA1D8DB3E; };
		2FD2A000000B5CABA80F63FF = {isa = PBXBuildFile; fileRef = 6F930F0A42A65FE4B2D7D6D5; };
		0AFCFFC9230158BDBD0F6D79 = {isa = PBXBuildFile; fileRef = 04C23DFD3779513EB378ABE5; };
		A1B9A3FE8B4B5857AF8A487F = {isa = PBXBuildFile; fileRef = 6C683DD6F6265C9CA32258F9; };
		4ACBCDE08D965B0C8FF636E9 = {isa = PBXBuildFile; fileRef = 3B8B8CC0FA8F5F0494772A28; };
		EF50ECE57CA55718927290A1 = {isa = PBXBuildFile; fileRef = 77CD3F1D059859248CB608D2; };
		1D360988D87159DF8FA35448 = {isa = PBXBuildFile; fileRef = 8A8456B07BCB506B9C8FC2D0; };
		FFF5334592B05EEA90E726EA = {isa = PBXBuildFile; fileRef = E450E4D40FCF580FABFEAD8B; };
		07102DFD11985EFE8FA83ABF = {isa = PBXBuildFile; fileRef = D987E15D2B865737A4608AB4; };
		205A18FC8B41531AB3169998 = {isa = PBXBuildFile; fileRef = E3A7CBA3EF705AC19377741B; };
		0EAB398AA28354B3B59DF76A = {isa = PBXBuildFile; fileRef = 50D375488BD459DE94DF961D; };
		B24DD89A4069594FA43BCB2C = {isa = PBXBuildFile; fileRef = C82C5778724051E18A7CFFAB; };
		7E050FD373915F0D8210C03A = {isa = PBXBuildFile; fileRef = 77CD3F1D059859248CB608D2; };
		B56627EAA0355C6BBB46A907 = {isa = PBXBuildFile; fileRef = 8A8456B07BCB506B9C8FC2D0; };
/* End PBXBuildFile section */

/* Begin PBXContainerItemProxy section */
		0B3957DB96925593A19E9404 = {isa = PBXContainerItemProxy; containerPortal = 33FE50B4260C54F5B4DEC7D8; proxyType = 1; remoteGlobalIDString = 80A9835B73DF520A9D603674; remoteInfo = PerkPilot; };
/* End PBXContainerItemProxy section */

/* Begin PBXFileReference section */
		F215C7575DEB53A193F541B8 = {isa = PBXFileReference; lastKnownFileType = sourcecode.swift; name = PerkPilotApp.swift; path = PerkPilot/PerkPilotApp.swift; sourceTree = SOURCE_ROOT; };
		438430B8093D5881875AABD1 = {isa = PBXFileReference; lastKnownFileType = sourcecode.swift; name = Cadence.swift; path = PerkPilot/Models/Cadence.swift; sourceTree = SOURCE_ROOT; };
		148E1BF32B6450FC93CCDEA2 = {isa = PBXFileReference; lastKnownFileType = sourcecode.swift; name = CardItem.swift; path = PerkPilot/Models/CardItem.swift; sourceTree = SOURCE_ROOT; };
		70A3AE338103529C955C8206 = {isa = PBXFileReference; lastKnownFileType = sourcecode.swift; name = BenefitItem.swift; path = PerkPilot/Models/BenefitItem.swift; sourceTree = SOURCE_ROOT; };
		5FDCB6165D4E5945B52E7CF1 = {isa = PBXFileReference; lastKnownFileType = sourcecode.swift; name = TipItem.swift; path = PerkPilot/Models/TipItem.swift; sourceTree = SOURCE_ROOT; };
		0BE8B00B0520549EA8313CF9 = {isa = PBXFileReference; lastKnownFileType = sourcecode.swift; name = CompletionRecord.swift; path = PerkPilot/Models/CompletionRecord.swift; sourceTree = SOURCE_ROOT; };
		649808FD264855139CDCCA3A = {isa = PBXFileReference; lastKnownFileType = sourcecode.swift; name = MutedReward.swift; path = PerkPilot/Models/MutedReward.swift; sourceTree = SOURCE_ROOT; };
		1291993694695AC193F464E5 = {isa = PBXFileReference; lastKnownFileType = sourcecode.swift; name = StatementModels.swift; path = PerkPilot/Models/StatementModels.swift; sourceTree = SOURCE_ROOT; };
		F3271502192A588CA5E493D0 = {isa = PBXFileReference; lastKnownFileType = sourcecode.swift; name = RecurrenceEngine.swift; path = PerkPilot/Services/RecurrenceEngine.swift; sourceTree = SOURCE_ROOT; };
		B2B91F99D0515E1AAA5E41BF = {isa = PBXFileReference; lastKnownFileType = sourcecode.swift; name = SeedLoader.swift; path = PerkPilot/Services/SeedLoader.swift; sourceTree = SOURCE_ROOT; };
		FB5177EA83AD59CC90B95726 = {isa = PBXFileReference; lastKnownFileType = sourcecode.swift; name = AskParser.swift; path = PerkPilot/Services/AskParser.swift; sourceTree = SOURCE_ROOT; };
		D1802E5A56B25B10A14EC1AE = {isa = PBXFileReference; lastKnownFileType = sourcecode.swift; name = AskAnswerer.swift; path = PerkPilot/Services/AskAnswerer.swift; sourceTree = SOURCE_ROOT; };
		AE55726A154155D2867F789B = {isa = PBXFileReference; lastKnownFileType = sourcecode.swift; name = SpeechService.swift; path = PerkPilot/Services/SpeechService.swift; sourceTree = SOURCE_ROOT; };
		6D37B04ED80B5A1683B6E9B1 = {isa = PBXFileReference; lastKnownFileType = sourcecode.swift; name = DiscoveryService.swift; path = PerkPilot/Services/DiscoveryService.swift; sourceTree = SOURCE_ROOT; };
		FF8FB5EDEE195642A4BE9278 = {isa = PBXFileReference; lastKnownFileType = sourcecode.swift; name = NotificationService.swift; path = PerkPilot/Services/NotificationService.swift; sourceTree = SOURCE_ROOT; };
		8E5C91CF0A6454198C70C239 = {isa = PBXFileReference; lastKnownFileType = sourcecode.swift; name = StatementParser.swift; path = PerkPilot/Services/StatementParser.swift; sourceTree = SOURCE_ROOT; };
		AC09E35E2D8356688DE7725D = {isa = PBXFileReference; lastKnownFileType = sourcecode.swift; name = PDFStatementParser.swift; path = PerkPilot/Services/PDFStatementParser.swift; sourceTree = SOURCE_ROOT; };
		F757B53539A85536A4E91EF2 = {isa = PBXFileReference; lastKnownFileType = sourcecode.swift; name = CategoryEngine.swift; path = PerkPilot/Services/CategoryEngine.swift; sourceTree = SOURCE_ROOT; };
		86376429A1B858FA9099815E = {isa = PBXFileReference; lastKnownFileType = sourcecode.swift; name = RewardMatcher.swift; path = PerkPilot/Services/RewardMatcher.swift; sourceTree = SOURCE_ROOT; };
		2E0D6131E9C65D0EB0480DC0 = {isa = PBXFileReference; lastKnownFileType = sourcecode.swift; name = SpendAuditService.swift; path = PerkPilot/Services/SpendAuditService.swift; sourceTree = SOURCE_ROOT; };
		BE01F7766E1352118849904B = {isa = PBXFileReference; lastKnownFileType = sourcecode.swift; name = TransactionStore.swift; path = PerkPilot/Services/TransactionStore.swift; sourceTree = SOURCE_ROOT; };
		FA3B9C5C6475558793241513 = {isa = PBXFileReference; lastKnownFileType = sourcecode.swift; name = RewardsAdvisor.swift; path = PerkPilot/Services/RewardsAdvisor.swift; sourceTree = SOURCE_ROOT; };
		46252E7CA00F5D5290FD05F8 = {isa = PBXFileReference; lastKnownFileType = sourcecode.swift; name = PortfolioAnalyzer.swift; path = PerkPilot/Services/PortfolioAnalyzer.swift; sourceTree = SOURCE_ROOT; };
		B957D47B28A656578531EC82 = {isa = PBXFileReference; lastKnownFileType = sourcecode.swift; name = Theme.swift; path = PerkPilot/Design/Theme.swift; sourceTree = SOURCE_ROOT; };
		AC1EA63CC534585896CCA074 = {isa = PBXFileReference; lastKnownFileType = sourcecode.swift; name = ContentView.swift; path = PerkPilot/Views/ContentView.swift; sourceTree = SOURCE_ROOT; };
		B4A68ABEEEA65B5DA6526710 = {isa = PBXFileReference; lastKnownFileType = sourcecode.swift; name = TodayView.swift; path = PerkPilot/Views/TodayView.swift; sourceTree = SOURCE_ROOT; };
		E548BC2385B457B18FBD1F85 = {isa = PBXFileReference; lastKnownFileType = sourcecode.swift; name = ChecklistDetailView.swift; path = PerkPilot/Views/ChecklistDetailView.swift; sourceTree = SOURCE_ROOT; };
		3C49579D45925564B0861555 = {isa = PBXFileReference; lastKnownFileType = sourcecode.swift; name = CardsView.swift; path = PerkPilot/Views/CardsView.swift; sourceTree = SOURCE_ROOT; };
		C7F97B9BF02852898BC8B401 = {isa = PBXFileReference; lastKnownFileType = sourcecode.swift; name = CardDetailView.swift; path = PerkPilot/Views/CardDetailView.swift; sourceTree = SOURCE_ROOT; };
		4591A8BDA11D51EE9FE23A96 = {isa = PBXFileReference; lastKnownFileType = sourcecode.swift; name = AddCardView.swift; path = PerkPilot/Views/AddCardView.swift; sourceTree = SOURCE_ROOT; };
		D249C66CD3585B17B57F2FBC = {isa = PBXFileReference; lastKnownFileType = sourcecode.swift; name = BenefitsLibraryView.swift; path = PerkPilot/Views/BenefitsLibraryView.swift; sourceTree = SOURCE_ROOT; };
		722EFEC4D84F5C75A5F91B4D = {isa = PBXFileReference; lastKnownFileType = sourcecode.swift; name = NewsView.swift; path = PerkPilot/Views/NewsView.swift; sourceTree = SOURCE_ROOT; };
		D81A61166DB356C3A482743F = {isa = PBXFileReference; lastKnownFileType = sourcecode.swift; name = SettingsView.swift; path = PerkPilot/Views/SettingsView.swift; sourceTree = SOURCE_ROOT; };
		A6DAD4045E925BF1B15D54AF = {isa = PBXFileReference; lastKnownFileType = sourcecode.swift; name = StatementImportView.swift; path = PerkPilot/Views/StatementImportView.swift; sourceTree = SOURCE_ROOT; };
		AE69CB7A32255A6DA1D8DB3E = {isa = PBXFileReference; lastKnownFileType = sourcecode.swift; name = StatementsView.swift; path = PerkPilot/Views/StatementsView.swift; sourceTree = SOURCE_ROOT; };
		6F930F0A42A65FE4B2D7D6D5 = {isa = PBXFileReference; lastKnownFileType = sourcecode.swift; name = RewardsCheckView.swift; path = PerkPilot/Views/RewardsCheckView.swift; sourceTree = SOURCE_ROOT; };
		04C23DFD3779513EB378ABE5 = {isa = PBXFileReference; lastKnownFileType = sourcecode.swift; name = AuditView.swift; path = PerkPilot/Views/AuditView.swift; sourceTree = SOURCE_ROOT; };
		6C683DD6F6265C9CA32258F9 = {isa = PBXFileReference; lastKnownFileType = sourcecode.swift; name = AdvisorView.swift; path = PerkPilot/Views/AdvisorView.swift; sourceTree = SOURCE_ROOT; };
		3B8B8CC0FA8F5F0494772A28 = {isa = PBXFileReference; lastKnownFileType = sourcecode.swift; name = AskView.swift; path = PerkPilot/Views/AskView.swift; sourceTree = SOURCE_ROOT; };
		77CD3F1D059859248CB608D2 = {isa = PBXFileReference; lastKnownFileType = text.json; name = SeedData-A.json; path = PerkPilot/Resources/SeedData-A.json; sourceTree = SOURCE_ROOT; };
		8A8456B07BCB506B9C8FC2D0 = {isa = PBXFileReference; lastKnownFileType = text.json; name = SeedData-B.json; path = PerkPilot/Resources/SeedData-B.json; sourceTree = SOURCE_ROOT; };
		53E27CDFE05B5515B1678398 = {isa = PBXFileReference; lastKnownFileType = text.plist; name = Info.plist; path = PerkPilot/Info.plist; sourceTree = SOURCE_ROOT; };
		E450E4D40FCF580FABFEAD8B = {isa = PBXFileReference; lastKnownFileType = sourcecode.swift; name = PerkPilotTests.swift; path = PerkPilotTests/PerkPilotTests.swift; sourceTree = SOURCE_ROOT; };
		D987E15D2B865737A4608AB4 = {isa = PBXFileReference; lastKnownFileType = sourcecode.swift; name = StatementTests.swift; path = PerkPilotTests/StatementTests.swift; sourceTree = SOURCE_ROOT; };
		E3A7CBA3EF705AC19377741B = {isa = PBXFileReference; lastKnownFileType = sourcecode.swift; name = AdvisorTests.swift; path = PerkPilotTests/AdvisorTests.swift; sourceTree = SOURCE_ROOT; };
		50D375488BD459DE94DF961D = {isa = PBXFileReference; lastKnownFileType = sourcecode.swift; name = AskTests.swift; path = PerkPilotTests/AskTests.swift; sourceTree = SOURCE_ROOT; };
		C82C5778724051E18A7CFFAB = {isa = PBXFileReference; lastKnownFileType = sourcecode.swift; name = AuditTests.swift; path = PerkPilotTests/AuditTests.swift; sourceTree = SOURCE_ROOT; };
		60B7B6018D245852B30D7DD3 = {isa = PBXFileReference; explicitFileType = wrapper.application; includeInIndex = 0; path = PerkPilot.app; sourceTree = BUILT_PRODUCTS_DIR; };
		E30F65814ADE59C9BA47DB38 = {isa = PBXFileReference; explicitFileType = wrapper.cfbundle; includeInIndex = 0; path = PerkPilotTests.xctest; sourceTree = BUILT_PRODUCTS_DIR; };
/* End PBXFileReference section */

/* Begin PBXFrameworksBuildPhase section */
		EFFC71C82E8F54E69C368C8A = {
			isa = PBXFrameworksBuildPhase;
			buildActionMask = 2147483647;
			files = (
			);
			runOnlyForDeploymentPostprocessing = 0;
		};
		6824672B489A5648AA049774 = {
			isa = PBXFrameworksBuildPhase;
			buildActionMask = 2147483647;
			files = (
			);
			runOnlyForDeploymentPostprocessing = 0;
		};
/* End PBXFrameworksBuildPhase section */

/* Begin PBXGroup section */
		E569AC4C0814555D91F2FB46 = {
			isa = PBXGroup;
			children = (
				438430B8093D5881875AABD1,
				148E1BF32B6450FC93CCDEA2,
				70A3AE338103529C955C8206,
				5FDCB6165D4E5945B52E7CF1,
				0BE8B00B0520549EA8313CF9,
				649808FD264855139CDCCA3A,
				1291993694695AC193F464E5,
			);
			name = Models;
			sourceTree = "<group>";
		};
		E743E9A4060C5ADFB953F1B9 = {
			isa = PBXGroup;
			children = (
				F3271502192A588CA5E493D0,
				B2B91F99D0515E1AAA5E41BF,
				FB5177EA83AD59CC90B95726,
				D1802E5A56B25B10A14EC1AE,
				AE55726A154155D2867F789B,
				6D37B04ED80B5A1683B6E9B1,
				FF8FB5EDEE195642A4BE9278,
				8E5C91CF0A6454198C70C239,
				AC09E35E2D8356688DE7725D,
				F757B53539A85536A4E91EF2,
				86376429A1B858FA9099815E,
				2E0D6131E9C65D0EB0480DC0,
				BE01F7766E1352118849904B,
				FA3B9C5C6475558793241513,
				46252E7CA00F5D5290FD05F8,
			);
			name = Services;
			sourceTree = "<group>";
		};
		1F0F65F6EF085805A3193480 = {
			isa = PBXGroup;
			children = (
				AC1EA63CC534585896CCA074,
				B4A68ABEEEA65B5DA6526710,
				E548BC2385B457B18FBD1F85,
				3C49579D45925564B0861555,
				C7F97B9BF02852898BC8B401,
				4591A8BDA11D51EE9FE23A96,
				D249C66CD3585B17B57F2FBC,
				722EFEC4D84F5C75A5F91B4D,
				D81A61166DB356C3A482743F,
				A6DAD4045E925BF1B15D54AF,
				AE69CB7A32255A6DA1D8DB3E,
				6F930F0A42A65FE4B2D7D6D5,
				04C23DFD3779513EB378ABE5,
				6C683DD6F6265C9CA32258F9,
				3B8B8CC0FA8F5F0494772A28,
			);
			name = Views;
			sourceTree = "<group>";
		};
		0E58B7DCBE3650BF8CAD1015 = {
			isa = PBXGroup;
			children = (
				B957D47B28A656578531EC82,
			);
			name = Design;
			sourceTree = "<group>";
		};
		6047DC3FB6B4517BBD089408 = {
			isa = PBXGroup;
			children = (
				77CD3F1D059859248CB608D2,
				8A8456B07BCB506B9C8FC2D0,
			);
			name = Resources;
			sourceTree = "<group>";
		};
		AE08180AAF875EADAF97A139 = {
			isa = PBXGroup;
			children = (
				F215C7575DEB53A193F541B8,
				53E27CDFE05B5515B1678398,
				E569AC4C0814555D91F2FB46,
				E743E9A4060C5ADFB953F1B9,
				1F0F65F6EF085805A3193480,
				0E58B7DCBE3650BF8CAD1015,
				6047DC3FB6B4517BBD089408,
			);
			name = PerkPilot;
			path = PerkPilot;
			sourceTree = "<group>";
		};
		515A8046C1A55873BD940A7C = {
			isa = PBXGroup;
			children = (
				E450E4D40FCF580FABFEAD8B,
				D987E15D2B865737A4608AB4,
				E3A7CBA3EF705AC19377741B,
				50D375488BD459DE94DF961D,
				C82C5778724051E18A7CFFAB,
			);
			name = PerkPilotTests;
			path = PerkPilotTests;
			sourceTree = "<group>";
		};
		EC75F7129C275C57AE6A9486 = {
			isa = PBXGroup;
			children = (
				60B7B6018D245852B30D7DD3,
				E30F65814ADE59C9BA47DB38,
			);
			name = Products;
			sourceTree = "<group>";
		};
		C750B77980FF5C069F454228 = {
			isa = PBXGroup;
			children = (
				AE08180AAF875EADAF97A139,
				515A8046C1A55873BD940A7C,
				EC75F7129C275C57AE6A9486,
			);
			sourceTree = "<group>";
		};
/* End PBXGroup section */

/* Begin PBXNativeTarget section */
		80A9835B73DF520A9D603674 = {
			isa = PBXNativeTarget;
			buildConfigurationList = 5094B5A0E5215520AA49F304;
			buildPhases = (
				EA5AACD225965E5EA3866D55,
				EFFC71C82E8F54E69C368C8A,
				FAA286328DAF5A69B879540E,
			);
			buildRules = (
			);
			dependencies = (
			);
			name = PerkPilot;
			productName = PerkPilot;
			productReference = 60B7B6018D245852B30D7DD3;
			productType = "com.apple.product-type.application";
		};
		8E96A656CEEC51DCA59389F2 = {
			isa = PBXNativeTarget;
			buildConfigurationList = F5A20ACFD91755A0BAAFA65B;
			buildPhases = (
				0D52A83569A350219C3A792A,
				6824672B489A5648AA049774,
				5C10BC337A94595483A3C439,
			);
			buildRules = (
			);
			dependencies = (
				7BCEA27BA0C55A26A75BD57B,
			);
			name = PerkPilotTests;
			productName = PerkPilotTests;
			productReference = E30F65814ADE59C9BA47DB38;
			productType = "com.apple.product-type.bundle.unit-test";
		};
/* End PBXNativeTarget section */

/* Begin PBXProject section */
		33FE50B4260C54F5B4DEC7D8 = {
			isa = PBXProject;
			attributes = {
				LastUpgradeCheck = 1500;
				TargetAttributes = {
					80A9835B73DF520A9D603674 = {
						CreatedOnToolsVersion = 15.0;
					};
					8E96A656CEEC51DCA59389F2 = {
						CreatedOnToolsVersion = 15.0;
						TestTargetID = 80A9835B73DF520A9D603674;
					};
				};
			};
			buildConfigurationList = F68F2EF620FF5DB1B609903A;
			compatibilityVersion = "Xcode 15.0";
			developmentRegion = en;
			hasScannedForEncodings = 0;
			knownRegions = (
				en,
			);
			mainGroup = C750B77980FF5C069F454228;
			productRefGroup = EC75F7129C275C57AE6A9486;
			projectDirPath = "";
			projectRoot = "";
			targets = (
				80A9835B73DF520A9D603674,
				8E96A656CEEC51DCA59389F2,
			);
		};
/* End PBXProject section */

/* Begin PBXResourcesBuildPhase section */
		FAA286328DAF5A69B879540E = {
			isa = PBXResourcesBuildPhase;
			buildActionMask = 2147483647;
			files = (
				EF50ECE57CA55718927290A1,
				1D360988D87159DF8FA35448,
			);
			runOnlyForDeploymentPostprocessing = 0;
		};
		5C10BC337A94595483A3C439 = {
			isa = PBXResourcesBuildPhase;
			buildActionMask = 2147483647;
			files = (
				7E050FD373915F0D8210C03A,
				B56627EAA0355C6BBB46A907,
			);
			runOnlyForDeploymentPostprocessing = 0;
		};
/* End PBXResourcesBuildPhase section */

/* Begin PBXSourcesBuildPhase section */
		EA5AACD225965E5EA3866D55 = {
			isa = PBXSourcesBuildPhase;
			buildActionMask = 2147483647;
			files = (
				7E5A9D8E71B65E70ACC7D2BF,
				7F9928259E885ED294C8926C,
				B3227B6D69C55689B442777E,
				75B8D9669519583585DA5420,
				E53A656B7DD4565B94F72152,
				7EE0895191DD562BB1CDE38A,
				2029BCB077B45EAD9C8572DD,
				825514A3CE8854829836C616,
				89492AFFDEE15F198B9519A5,
				ACB568051894563686085180,
				92EBE99368A75A758636DAD1,
				80D7A710D48A5AF5A6D6D5ED,
				47AD0DDFBB6959FF98A85419,
				E4AA5BDC005454CC8BD02AE2,
				D6EDA0B5E7AD5A7784A1BC1A,
				77222DDC775F5024ACFDFEEC,
				F3649118E5705141BCCAC633,
				48F4CF1469A75AB1A4CBDA42,
				51771073F7D5593A877EF268,
				18696237F31A541399479942,
				73186CA6779E5418A21ABFBB,
				A26BF17D596E53A79437B77C,
				804D5FE545FE5CCBBC15D1FD,
				0EDCA7ABBAA658B89F0020D4,
				1CAAE2743F1558B78ECE4EE0,
				88B4D013DF0B5EFFB7723146,
				5CB85483E2F7502A9A699627,
				D7F36D68D74A52D196C3E62D,
				5AE6A6F64248520498F833F4,
				8E370784142E53AA87C85032,
				E6F650A498D05A1498476FB0,
				B0CC9ECC4EA25FC6AB4240D3,
				B33CA8729819556EBCEDAB03,
				25D06ED5F92B5758A18DAB34,
				72B04BE2D5C25389979573F9,
				2FD2A000000B5CABA80F63FF,
				0AFCFFC9230158BDBD0F6D79,
				A1B9A3FE8B4B5857AF8A487F,
				4ACBCDE08D965B0C8FF636E9,
			);
			runOnlyForDeploymentPostprocessing = 0;
		};
		0D52A83569A350219C3A792A = {
			isa = PBXSourcesBuildPhase;
			buildActionMask = 2147483647;
			files = (
				FFF5334592B05EEA90E726EA,
				07102DFD11985EFE8FA83ABF,
				205A18FC8B41531AB3169998,
				0EAB398AA28354B3B59DF76A,
				B24DD89A4069594FA43BCB2C,
			);
			runOnlyForDeploymentPostprocessing = 0;
		};
/* End PBXSourcesBuildPhase section */

/* Begin PBXTargetDependency section */
		7BCEA27BA0C55A26A75BD57B = {isa = PBXTargetDependency; target = 80A9835B73DF520A9D603674; targetProxy = 0B3957DB96925593A19E9404; };
/* End PBXTargetDependency section */

/* Begin XCBuildConfiguration section */
		3297BF8D925B561684CAE701 = {
			isa = XCBuildConfiguration;
			buildSettings = {
				ALWAYS_SEARCH_USER_PATHS = NO;
				CLANG_ANALYZER_NONNULL = YES;
				CLANG_ANALYZER_NUMBER_OBJECT_CONVERSION = YES_AGGRESSIVE;
				CLANG_CXX_LANGUAGE_STANDARD = gnu++20;
				CLANG_ENABLE_MODULES = YES;
				CLANG_ENABLE_OBJC_ARC = YES;
				CLANG_WARN_BLOCK_CAPTURE_AUTORELEASING = YES;
				CLANG_WARN_BOOL_CONVERSION = YES;
				CLANG_WARN_CONSTANT_CONVERSION = YES;
				CLANG_WARN_DEPRECATED_OBJC_IMPLEMENTATIONS = YES;
				CLANG_WARN_DIRECT_OBJC_ISA_USAGE = YES_ERROR;
				CLANG_WARN_DOCUMENTATION_COMMENTS = YES;
				CLANG_WARN_EMPTY_BODY = YES;
				CLANG_WARN_ENUM_CONVERSION = YES;
				CLANG_WARN_INFINITE_RECURSION = YES;
				CLANG_WARN_INT_CONVERSION = YES;
				CLANG_WARN_NON_LITERAL_NULL_CONVERSION = YES;
				CLANG_WARN_OBJC_LITERAL_CONVERSION = YES;
				CLANG_WARN_OBJC_ROOT_CLASS = YES_ERROR;
				CLANG_WARN_QUOTED_INCLUDE_IN_FRAMEWORK_HEADER = YES;
				CLANG_WARN_RANGE_LOOP_ANALYSIS = YES;
				CLANG_WARN_STRICT_PROTOTYPES = YES;
				CLANG_WARN_SUSPICIOUS_MOVE = YES;
				CLANG_WARN_UNGUARDED_AVAILABILITY = YES_AGGRESSIVE;
				CLANG_WARN_UNREACHABLE_CODE = YES;
				COPY_PHASE_STRIP = NO;
				DEBUG_INFORMATION_FORMAT = dwarf;
				ENABLE_STRICT_OBJC_MSGSEND = YES;
				ENABLE_TESTABILITY = YES;
				GCC_C_LANGUAGE_STANDARD = gnu17;
				GCC_DYNAMIC_NO_PIC = NO;
				GCC_NO_COMMON_BLOCKS = YES;
				GCC_OPTIMIZATION_LEVEL = 0;
				GCC_PREPROCESSOR_DEFINITIONS = (DEBUG=1, $(inherited));
				GCC_WARN_64_TO_32_BIT_CONVERSION = YES;
				GCC_WARN_ABOUT_RETURN_TYPE = YES_ERROR;
				GCC_WARN_UNDECLARED_SELECTOR = YES;
				GCC_WARN_UNINITIALIZED_AUTOS = YES_AGGRESSIVE;
				GCC_WARN_UNUSED_FUNCTION = YES;
				GCC_WARN_UNUSED_VARIABLE = YES;
				IPHONEOS_DEPLOYMENT_TARGET = 17.0;
				MTL_ENABLE_DEBUG_INFO = INCLUDE_SOURCE;
				MTL_FAST_MATH = YES;
				ONLY_ACTIVE_ARCH = YES;
				SDKROOT = iphoneos;
				SWIFT_ACTIVE_COMPILATION_CONDITIONS = DEBUG;
				SWIFT_OPTIMIZATION_LEVEL = -Onone;
				SWIFT_VERSION = 5.9;
			};
			name = Debug;
		};
		799AB9A27BBE524B9023E89F = {
			isa = XCBuildConfiguration;
			buildSettings = {
				ALWAYS_SEARCH_USER_PATHS = NO;
				CLANG_ANALYZER_NONNULL = YES;
				CLANG_ANALYZER_NUMBER_OBJECT_CONVERSION = YES_AGGRESSIVE;
				CLANG_CXX_LANGUAGE_STANDARD = gnu++20;
				CLANG_ENABLE_MODULES = YES;
				CLANG_ENABLE_OBJC_ARC = YES;
				CLANG_WARN_BLOCK_CAPTURE_AUTORELEASING = YES;
				CLANG_WARN_BOOL_CONVERSION = YES;
				CLANG_WARN_CONSTANT_CONVERSION = YES;
				CLANG_WARN_DEPRECATED_OBJC_IMPLEMENTATIONS = YES;
				CLANG_WARN_DIRECT_OBJC_ISA_USAGE = YES_ERROR;
				CLANG_WARN_DOCUMENTATION_COMMENTS = YES;
				CLANG_WARN_EMPTY_BODY = YES;
				CLANG_WARN_ENUM_CONVERSION = YES;
				CLANG_WARN_INFINITE_RECURSION = YES;
				CLANG_WARN_INT_CONVERSION = YES;
				CLANG_WARN_NON_LITERAL_NULL_CONVERSION = YES;
				CLANG_WARN_OBJC_LITERAL_CONVERSION = YES;
				CLANG_WARN_OBJC_ROOT_CLASS = YES_ERROR;
				CLANG_WARN_QUOTED_INCLUDE_IN_FRAMEWORK_HEADER = YES;
				CLANG_WARN_RANGE_LOOP_ANALYSIS = YES;
				CLANG_WARN_STRICT_PROTOTYPES = YES;
				CLANG_WARN_SUSPICIOUS_MOVE = YES;
				CLANG_WARN_UNGUARDED_AVAILABILITY = YES_AGGRESSIVE;
				CLANG_WARN_UNREACHABLE_CODE = YES;
				COPY_PHASE_STRIP = NO;
				DEBUG_INFORMATION_FORMAT = "dwarf-with-dsym";
				ENABLE_NS_ASSERTIONS = NO;
				ENABLE_STRICT_OBJC_MSGSEND = YES;
				GCC_C_LANGUAGE_STANDARD = gnu17;
				GCC_NO_COMMON_BLOCKS = YES;
				GCC_WARN_64_TO_32_BIT_CONVERSION = YES;
				GCC_WARN_ABOUT_RETURN_TYPE = YES_ERROR;
				GCC_WARN_UNDECLARED_SELECTOR = YES;
				GCC_WARN_UNINITIALIZED_AUTOS = YES_AGGRESSIVE;
				GCC_WARN_UNUSED_FUNCTION = YES;
				GCC_WARN_UNUSED_VARIABLE = YES;
				IPHONEOS_DEPLOYMENT_TARGET = 17.0;
				MTL_ENABLE_DEBUG_INFO = NO;
				MTL_FAST_MATH = YES;
				SDKROOT = iphoneos;
				SWIFT_COMPILATION_MODE = wholemodule;
				SWIFT_OPTIMIZATION_LEVEL = -O;
				SWIFT_VERSION = 5.9;
			};
			name = Release;
		};
		FF2C4703443E53B8A5324C8B = {
			isa = XCBuildConfiguration;
			buildSettings = {
				ASSETCATALOG_COMPILER_GENERATE_SWIFT_ASSET_SYMBOL_EXTENSIONS = YES;
				CLANG_ENABLE_MODULES = YES;
				CODE_SIGN_STYLE = Automatic;
				CURRENT_PROJECT_VERSION = 1;
				DEBUG_INFORMATION_FORMAT = dwarf;
				DEVELOPMENT_TEAM = "";
				ENABLE_PREVIEWS = YES;
				ENABLE_TESTABILITY = YES;
				GCC_PREPROCESSOR_DEFINITIONS = (DEBUG=1, $(inherited));
				GENERATE_INFOPLIST_FILE = NO;
				INFOPLIST_FILE = "PerkPilot/Info.plist";
				LD_RUNPATH_SEARCH_PATHS = ($(inherited), @executable_path/Frameworks);
				MARKETING_VERSION = 1.0;
				ONLY_ACTIVE_ARCH = YES;
				PRODUCT_BUNDLE_IDENTIFIER = com.sannat.perkpilot;
				PRODUCT_NAME = "$(TARGET_NAME)";
				SWIFT_ACTIVE_COMPILATION_CONDITIONS = DEBUG;
				SWIFT_EMIT_LOC_STRINGS = YES;
				SWIFT_OPTIMIZATION_LEVEL = -Onone;
				TARGETED_DEVICE_FAMILY = 1;
			};
			name = Debug;
		};
		3B4F99E9D043529FA0FB509B = {
			isa = XCBuildConfiguration;
			buildSettings = {
				ASSETCATALOG_COMPILER_GENERATE_SWIFT_ASSET_SYMBOL_EXTENSIONS = YES;
				CLANG_ENABLE_MODULES = YES;
				CODE_SIGN_STYLE = Automatic;
				COPY_PHASE_STRIP = NO;
				CURRENT_PROJECT_VERSION = 1;
				DEBUG_INFORMATION_FORMAT = "dwarf-with-dsym";
				DEVELOPMENT_TEAM = "";
				ENABLE_PREVIEWS = YES;
				GENERATE_INFOPLIST_FILE = NO;
				INFOPLIST_FILE = "PerkPilot/Info.plist";
				LD_RUNPATH_SEARCH_PATHS = ($(inherited), @executable_path/Frameworks);
				MARKETING_VERSION = 1.0;
				PRODUCT_BUNDLE_IDENTIFIER = com.sannat.perkpilot;
				PRODUCT_NAME = "$(TARGET_NAME)";
				SWIFT_COMPILATION_MODE = wholemodule;
				SWIFT_EMIT_LOC_STRINGS = YES;
				SWIFT_OPTIMIZATION_LEVEL = -O;
				TARGETED_DEVICE_FAMILY = 1;
			};
			name = Release;
		};
		3C2AA6E700D05743A1AFCA10 = {
			isa = XCBuildConfiguration;
			buildSettings = {
				ALWAYS_EMBED_SWIFT_STANDARD_LIBRARIES = YES;
				BUNDLE_LOADER = "$(TEST_HOST)";
				CODE_SIGN_STYLE = Automatic;
				CURRENT_PROJECT_VERSION = 1;
				DEBUG_INFORMATION_FORMAT = dwarf;
				DEVELOPMENT_TEAM = "";
				ENABLE_TESTABILITY = YES;
				GCC_PREPROCESSOR_DEFINITIONS = (DEBUG=1, $(inherited));
				GENERATE_INFOPLIST_FILE = YES;
				LD_RUNPATH_SEARCH_PATHS = ($(inherited), @executable_path/Frameworks, @loader_path/Frameworks);
				MARKETING_VERSION = 1.0;
				ONLY_ACTIVE_ARCH = YES;
				PRODUCT_BUNDLE_IDENTIFIER = com.sannat.perkpilot.tests;
				PRODUCT_NAME = "$(TARGET_NAME)";
				SWIFT_ACTIVE_COMPILATION_CONDITIONS = DEBUG;
				SWIFT_EMIT_LOC_STRINGS = YES;
				SWIFT_OPTIMIZATION_LEVEL = -Onone;
				TARGETED_DEVICE_FAMILY = 1;
				TEST_HOST = "$(BUILT_PRODUCTS_DIR)/PerkPilot.app/$(BUNDLE_EXECUTABLE_FOLDER_PATH)/PerkPilot";
			};
			name = Debug;
		};
		641C50A287D450ADB12C5944 = {
			isa = XCBuildConfiguration;
			buildSettings = {
				ALWAYS_EMBED_SWIFT_STANDARD_LIBRARIES = YES;
				BUNDLE_LOADER = "$(TEST_HOST)";
				CODE_SIGN_STYLE = Automatic;
				COPY_PHASE_STRIP = NO;
				CURRENT_PROJECT_VERSION = 1;
				DEBUG_INFORMATION_FORMAT = "dwarf-with-dsym";
				DEVELOPMENT_TEAM = "";
				GENERATE_INFOPLIST_FILE = YES;
				LD_RUNPATH_SEARCH_PATHS = ($(inherited), @executable_path/Frameworks, @loader_path/Frameworks);
				MARKETING_VERSION = 1.0;
				PRODUCT_BUNDLE_IDENTIFIER = com.sannat.perkpilot.tests;
				PRODUCT_NAME = "$(TARGET_NAME)";
				SWIFT_COMPILATION_MODE = wholemodule;
				SWIFT_EMIT_LOC_STRINGS = YES;
				SWIFT_OPTIMIZATION_LEVEL = -O;
				TARGETED_DEVICE_FAMILY = 1;
				TEST_HOST = "$(BUILT_PRODUCTS_DIR)/PerkPilot.app/$(BUNDLE_EXECUTABLE_FOLDER_PATH)/PerkPilot";
			};
			name = Release;
		};
/* End XCBuildConfiguration section */

/* Begin XCConfigurationList section */
		F68F2EF620FF5DB1B609903A = {
			isa = XCConfigurationList;
			buildConfigurations = (
				3297BF8D925B561684CAE701,
				799AB9A27BBE524B9023E89F,
			);
			defaultConfigurationIsVisible = 0;
			defaultConfigurationName = Release;
		};
		5094B5A0E5215520AA49F304 = {
			isa = XCConfigurationList;
			buildConfigurations = (
				FF2C4703443E53B8A5324C8B,
				3B4F99E9D043529FA0FB509B,
			);
			defaultConfigurationIsVisible = 0;
			defaultConfigurationName = Release;
		};
		F5A20ACFD91755A0BAAFA65B = {
			isa = XCConfigurationList;
			buildConfigurations = (
				3C2AA6E700D05743A1AFCA10,
				641C50A287D450ADB12C5944,
			);
			defaultConfigurationIsVisible = 0;
			defaultConfigurationName = Release;
		};
/* End XCConfigurationList section */
	};
	rootObject = 33FE50B4260C54F5B4DEC7D8;
}
